{
    "lockfileVersion": 1,
    "dependencies": {
        "@types/bson": {
            "version": "1.0.6",
            "resolved": "https://registry.npmjs.org/@types/bson/-/bson-1.0.6.tgz",
            "integrity": "sha512-v7N8qcTGiYhLRyi+Y69R3tPC4GLqByCg3NC2EO6PciC166O9dNhjFPoXeMePtZ+0f+/O2xLDWXs5BLnRfcBaBA=="
        },
        "@types/events": {
            "version": "1.1.0",
            "resolved": "https://registry.npmjs.org/@types/events/-/events-1.1.0.tgz",
            "integrity": "sha512-y3bR98mzYOo0pAZuiLari+cQyiKk3UXRuT45h1RjhfeCzqkjaVsfZJNaxdgtk7/3tzOm1ozLTqEqMP3VbI48jw=="
        },
        "@types/mongodb": {
            "version": "2.2.18",
            "resolved": "https://registry.npmjs.org/@types/mongodb/-/mongodb-2.2.18.tgz",
            "integrity": "sha512-bNookS+Y4N7B9/z9lZrTcVUdXSfrH8J+svBFCzxbCl5pOg32YeIgvKjrqD4yF7Ecec7bo7ZCdqajXS06TeuWdA=="
        },
        "@types/node": {
            "version": "9.3.0",
            "resolved": "https://registry.npmjs.org/@types/node/-/node-9.3.0.tgz",
            "integrity": "sha512-wNBfvNjzsJl4tswIZKXCFQY0lss9nKUyJnG6T94X/eqjRgI2jHZ4evdjhQYBSan/vGtF6XVXPApOmNH2rf0KKw=="
        }
    }
}
